// !$*UTF8*$!
{
	archiveVersion = 1;
	classes = {
	};
	objectVersion = 46;
	objects = {

/* Begin PBXBuildFile section */
		BD7E49B11E9FA3AD00E59D9A /* AppDelegate.swift in Sources */ = {isa = PBXBuildFile; fileRef = BD7E49B01E9FA3AD00E59D9A /* AppDelegate.swift */; };
		BD7E49B31E9FA3AD00E59D9A /* ViewController.swift in Sources */ = {isa = PBXBuildFile; fileRef = BD7E49B21E9FA3AD00E59D9A /* ViewController.swift */; };
		BD7E49B61E9FA3AD00E59D9A /* Main.storyboard in Resources */ = {isa = PBXBuildFile; fileRef = BD7E49B41E9FA3AD00E59D9A /* Main.storyboard */; };
		BD7E49B81E9FA3AD00E59D9A /* Assets.xcassets in Resources */ = {isa = PBXBuildFile; fileRef = BD7E49B71E9FA3AD00E59D9A /* Assets.xcassets */; };
		BD7E49BB1E9FA3AD00E59D9A /* LaunchScreen.storyboard in Resources */ = {isa = PBXBuildFile; fileRef = BD7E49B91E9FA3AD00E59D9A /* LaunchScreen.storyboard */; };
		BD82A14D1EA89F12001A52A6 /* ViewController.swift in Sources */ = {isa = PBXBuildFile; fileRef = BD7E49B21E9FA3AD00E59D9A /* ViewController.swift */; };
		BD82A14E1EA89F12001A52A6 /* AppDelegate.swift in Sources */ = {isa = PBXBuildFile; fileRef = BD7E49B01E9FA3AD00E59D9A /* AppDelegate.swift */; };
		BD82A1511EA89F12001A52A6 /* LaunchScreen.storyboard in Resources */ = {isa = PBXBuildFile; fileRef = BD7E49B91E9FA3AD00E59D9A /* LaunchScreen.storyboard */; };
		BD82A1521EA89F12001A52A6 /* Assets.xcassets in Resources */ = {isa = PBXBuildFile; fileRef = BD7E49B71E9FA3AD00E59D9A /* Assets.xcassets */; };
		BD82A1531EA89F12001A52A6 /* Main.storyboard in Resources */ = {isa = PBXBuildFile; fileRef = BD7E49B41E9FA3AD00E59D9A /* Main.storyboard */; };
		BD82A15B1EA89F15001A52A6 /* ViewController.swift in Sources */ = {isa = PBXBuildFile; fileRef = BD7E49B21E9FA3AD00E59D9A /* ViewController.swift */; };
		BD82A15C1EA89F15001A52A6 /* AppDelegate.swift in Sources */ = {isa = PBXBuildFile; fileRef = BD7E49B01E9FA3AD00E59D9A /* AppDelegate.swift */; };
		BD82A15F1EA89F15001A52A6 /* LaunchScreen.storyboard in Resources */ = {isa = PBXBuildFile; fileRef = BD7E49B91E9FA3AD00E59D9A /* LaunchScreen.storyboard */; };
		BD82A1601EA89F15001A52A6 /* Assets.xcassets in Resources */ = {isa = PBXBuildFile; fileRef = BD7E49B71E9FA3AD00E59D9A /* Assets.xcassets */; };
		BD82A1611EA89F15001A52A6 /* Main.storyboard in Resources */ = {isa = PBXBuildFile; fileRef = BD7E49B41E9FA3AD00E59D9A /* Main.storyboard */; };
		BD82A1691EA89F1F001A52A6 /* ViewController.swift in Sources */ = {isa = PBXBuildFile; fileRef = BD7E49B21E9FA3AD00E59D9A /* ViewController.swift */; };
		BD82A16A1EA89F1F001A52A6 /* AppDelegate.swift in Sources */ = {isa = PBXBuildFile; fileRef = BD7E49B01E9FA3AD00E59D9A /* AppDelegate.swift */; };
		BD82A16D1EA89F1F001A52A6 /* LaunchScreen.storyboard in Resources */ = {isa = PBXBuildFile; fileRef = BD7E49B91E9FA3AD00E59D9A /* LaunchScreen.storyboard */; };
		BD82A16E1EA89F1F001A52A6 /* Assets.xcassets in Resources */ = {isa = PBXBuildFile; fileRef = BD7E49B71E9FA3AD00E59D9A /* Assets.xcassets */; };
		BD82A16F1EA89F1F001A52A6 /* Main.storyboard in Resources */ = {isa = PBXBuildFile; fileRef = BD7E49B41E9FA3AD00E59D9A /* Main.storyboard */; };
		BD95B14B1EAF21DF00196907 /* ViewController.swift in Sources */ = {isa = PBXBuildFile; fileRef = BD7E49B21E9FA3AD00E59D9A /* ViewController.swift */; };
		BD95B14C1EAF21DF00196907 /* AppDelegate.swift in Sources */ = {isa = PBXBuildFile; fileRef = BD7E49B01E9FA3AD00E59D9A /* AppDelegate.swift */; };
		BD95B14F1EAF21DF00196907 /* LaunchScreen.storyboard in Resources */ = {isa = PBXBuildFile; fileRef = BD7E49B91E9FA3AD00E59D9A /* LaunchScreen.storyboard */; };
		BD95B1501EAF21DF00196907 /* Assets.xcassets in Resources */ = {isa = PBXBuildFile; fileRef = BD7E49B71E9FA3AD00E59D9A /* Assets.xcassets */; };
		BD95B1511EAF21DF00196907 /* Main.storyboard in Resources */ = {isa = PBXBuildFile; fileRef = BD7E49B41E9FA3AD00E59D9A /* Main.storyboard */; };
		BDFA50771EB1DA9A00CA2560 /* TaskManager.swift in Sources */ = {isa = PBXBuildFile; fileRef = BDFA50761EB1DA9A00CA2560 /* TaskManager.swift */; };
		BDFA50781EB1DA9A00CA2560 /* TaskManager.swift in Sources */ = {isa = PBXBuildFile; fileRef = BDFA50761EB1DA9A00CA2560 /* TaskManager.swift */; };
		BDFA50791EB1DA9A00CA2560 /* TaskManager.swift in Sources */ = {isa = PBXBuildFile; fileRef = BDFA50761EB1DA9A00CA2560 /* TaskManager.swift */; };
		BDFA507A1EB1DA9A00CA2560 /* TaskManager.swift in Sources */ = {isa = PBXBuildFile; fileRef = BDFA50761EB1DA9A00CA2560 /* TaskManager.swift */; };
		BDFA507B1EB1DA9A00CA2560 /* TaskManager.swift in Sources */ = {isa = PBXBuildFile; fileRef = BDFA50761EB1DA9A00CA2560 /* TaskManager.swift */; };
		BDFA507D1EB1DB4900CA2560 /* LocationManager.swift in Sources */ = {isa = PBXBuildFile; fileRef = BDFA507C1EB1DB4900CA2560 /* LocationManager.swift */; };
		BDFA507E1EB1DB4900CA2560 /* LocationManager.swift in Sources */ = {isa = PBXBuildFile; fileRef = BDFA507C1EB1DB4900CA2560 /* LocationManager.swift */; };
		BDFA507F1EB1DB4900CA2560 /* LocationManager.swift in Sources */ = {isa = PBXBuildFile; fileRef = BDFA507C1EB1DB4900CA2560 /* LocationManager.swift */; };
		BDFA50801EB1DB4900CA2560 /* LocationManager.swift in Sources */ = {isa = PBXBuildFile; fileRef = BDFA507C1EB1DB4900CA2560 /* LocationManager.swift */; };
		BDFA50811EB1DB4900CA2560 /* LocationManager.swift in Sources */ = {isa = PBXBuildFile; fileRef = BDFA507C1EB1DB4900CA2560 /* LocationManager.swift */; };
		BDFA50831EB1DB5800CA2560 /* BLEScanManager.swift in Sources */ = {isa = PBXBuildFile; fileRef = BDFA50821EB1DB5800CA2560 /* BLEScanManager.swift */; };
		BDFA50841EB1DB5800CA2560 /* BLEScanManager.swift in Sources */ = {isa = PBXBuildFile; fileRef = BDFA50821EB1DB5800CA2560 /* BLEScanManager.swift */; };
		BDFA50851EB1DB5800CA2560 /* BLEScanManager.swift in Sources */ = {isa = PBXBuildFile; fileRef = BDFA50821EB1DB5800CA2560 /* BLEScanManager.swift */; };
		BDFA50861EB1DB5800CA2560 /* BLEScanManager.swift in Sources */ = {isa = PBXBuildFile; fileRef = BDFA50821EB1DB5800CA2560 /* BLEScanManager.swift */; };
		BDFA50871EB1DB5800CA2560 /* BLEScanManager.swift in Sources */ = {isa = PBXBuildFile; fileRef = BDFA50821EB1DB5800CA2560 /* BLEScanManager.swift */; };
		BDFA50891EB1DB6700CA2560 /* DataSyncManager.swift in Sources */ = {isa = PBXBuildFile; fileRef = BDFA50881EB1DB6700CA2560 /* DataSyncManager.swift */; };
		BDFA508A1EB1DB6700CA2560 /* DataSyncManager.swift in Sources */ = {isa = PBXBuildFile; fileRef = BDFA50881EB1DB6700CA2560 /* DataSyncManager.swift */; };
		BDFA508B1EB1DB6700CA2560 /* DataSyncManager.swift in Sources */ = {isa = PBXBuildFile; fileRef = BDFA50881EB1DB6700CA2560 /* DataSyncManager.swift */; };
		BDFA508C1EB1DB6700CA2560 /* DataSyncManager.swift in Sources */ = {isa = PBXBuildFile; fileRef = BDFA50881EB1DB6700CA2560 /* DataSyncManager.swift */; };
		BDFA508D1EB1DB6700CA2560 /* DataSyncManager.swift in Sources */ = {isa = PBXBuildFile; fileRef = BDFA50881EB1DB6700CA2560 /* DataSyncManager.swift */; };
		BDFA508F1EB1EAB000CA2560 /* Logger.swift in Sources */ = {isa = PBXBuildFile; fileRef = BDFA508E1EB1EAB000CA2560 /* Logger.swift */; };
		BDFA50901EB1EAB000CA2560 /* Logger.swift in Sources */ = {isa = PBXBuildFile; fileRef = BDFA508E1EB1EAB000CA2560 /* Logger.swift */; };
		BDFA50911EB1EAB000CA2560 /* Logger.swift in Sources */ = {isa = PBXBuildFile; fileRef = BDFA508E1EB1EAB000CA2560 /* Logger.swift */; };
		BDFA50921EB1EAB000CA2560 /* Logger.swift in Sources */ = {isa = PBXBuildFile; fileRef = BDFA508E1EB1EAB000CA2560 /* Logger.swift */; };
		BDFA50931EB1EAB000CA2560 /* Logger.swift in Sources */ = {isa = PBXBuildFile; fileRef = BDFA508E1EB1EAB000CA2560 /* Logger.swift */; };
		BDFA50951EB1EBBF00CA2560 /* Utility.swift in Sources */ = {isa = PBXBuildFile; fileRef = BDFA50941EB1EBBF00CA2560 /* Utility.swift */; };
		BDFA50961EB1EBBF00CA2560 /* Utility.swift in Sources */ = {isa = PBXBuildFile; fileRef = BDFA50941EB1EBBF00CA2560 /* Utility.swift */; };
		BDFA50971EB1EBBF00CA2560 /* Utility.swift in Sources */ = {isa = PBXBuildFile; fileRef = BDFA50941EB1EBBF00CA2560 /* Utility.swift */; };
		BDFA50981EB1EBBF00CA2560 /* Utility.swift in Sources */ = {isa = PBXBuildFile; fileRef = BDFA50941EB1EBBF00CA2560 /* Utility.swift */; };
		BDFA50991EB1EBBF00CA2560 /* Utility.swift in Sources */ = {isa = PBXBuildFile; fileRef = BDFA50941EB1EBBF00CA2560 /* Utility.swift */; };
/* End PBXBuildFile section */

/* Begin PBXFileReference section */
		BD7E49AD1E9FA3AD00E59D9A /* BGTimer.app */ = {isa = PBXFileReference; explicitFileType = wrapper.application; includeInIndex = 0; path = BGTimer.app; sourceTree = BUILT_PRODUCTS_DIR; };
		BD7E49B01E9FA3AD00E59D9A /* AppDelegate.swift */ = {isa = PBXFileReference; lastKnownFileType = sourcecode.swift; path = AppDelegate.swift; sourceTree = "<group>"; };
		BD7E49B21E9FA3AD00E59D9A /* ViewController.swift */ = {isa = PBXFileReference; lastKnownFileType = sourcecode.swift; path = ViewController.swift; sourceTree = "<group>"; };
		BD7E49B51E9FA3AD00E59D9A /* Base */ = {isa = PBXFileReference; lastKnownFileType = file.storyboard; name = Base; path = Base.lproj/Main.storyboard; sourceTree = "<group>"; };
		BD7E49B71E9FA3AD00E59D9A /* Assets.xcassets */ = {isa = PBXFileReference; lastKnownFileType = folder.assetcatalog; path = Assets.xcassets; sourceTree = "<group>"; };
		BD7E49BA1E9FA3AD00E59D9A /* Base */ = {isa = PBXFileReference; lastKnownFileType = file.storyboard; name = Base; path = Base.lproj/LaunchScreen.storyboard; sourceTree = "<group>"; };
		BD7E49BC1E9FA3AD00E59D9A /* Info.plist */ = {isa = PBXFileReference; lastKnownFileType = text.plist.xml; path = Info.plist; sourceTree = "<group>"; };
		BD82A1571EA89F12001A52A6 /* BGTimer-Fetch.app */ = {isa = PBXFileReference; explicitFileType = wrapper.application; includeInIndex = 0; path = "BGTimer-Fetch.app"; sourceTree = BUILT_PRODUCTS_DIR; };
		BD82A1651EA89F15001A52A6 /* BGTimer-BLE.app */ = {isa = PBXFileReference; explicitFileType = wrapper.application; includeInIndex = 0; path = "BGTimer-BLE.app"; sourceTree = BUILT_PRODUCTS_DIR; };
		BD82A1731EA89F1F001A52A6 /* BGTImer-Loc.app */ = {isa = PBXFileReference; explicitFileType = wrapper.application; includeInIndex = 0; path = "BGTImer-Loc.app"; sourceTree = BUILT_PRODUCTS_DIR; };
		BD95B1551EAF21DF00196907 /* BGTimer-All.app */ = {isa = PBXFileReference; explicitFileType = wrapper.application; includeInIndex = 0; path = "BGTimer-All.app"; sourceTree = BUILT_PRODUCTS_DIR; };
		BDFA50761EB1DA9A00CA2560 /* TaskManager.swift */ = {isa = PBXFileReference; fileEncoding = 4; lastKnownFileType = sourcecode.swift; path = TaskManager.swift; sourceTree = "<group>"; };
		BDFA507C1EB1DB4900CA2560 /* LocationManager.swift */ = {isa = PBXFileReference; fileEncoding = 4; lastKnownFileType = sourcecode.swift; path = LocationManager.swift; sourceTree = "<group>"; };
		BDFA50821EB1DB5800CA2560 /* BLEScanManager.swift */ = {isa = PBXFileReference; fileEncoding = 4; lastKnownFileType = sourcecode.swift; path = BLEScanManager.swift; sourceTree = "<group>"; };
		BDFA50881EB1DB6700CA2560 /* DataSyncManager.swift */ = {isa = PBXFileReference; fileEncoding = 4; lastKnownFileType = sourcecode.swift; path = DataSyncManager.swift; sourceTree = "<group>"; };
		BDFA508E1EB1EAB000CA2560 /* Logger.swift */ = {isa = PBXFileReference; fileEncoding = 4; lastKnownFileType = sourcecode.swift; path = Logger.swift; sourceTree = "<group>"; };
		BDFA50941EB1EBBF00CA2560 /* Utility.swift */ = {isa = PBXFileReference; fileEncoding = 4; lastKnownFileType = sourcecode.swift; path = Utility.swift; sourceTree = "<group>"; };
/* End PBXFileReference section */

/* Begin PBXFrameworksBuildPhase section */
		BD7E49AA1E9FA3AD00E59D9A /* Frameworks */ = {
			isa = PBXFrameworksBuildPhase;
			buildActionMask = 2147483647;
			files = (
			);
			runOnlyForDeploymentPostprocessing = 0;
		};
		BD82A14F1EA89F12001A52A6 /* Frameworks */ = {
			isa = PBXFrameworksBuildPhase;
			buildActionMask = 2147483647;
			files = (
			);
			runOnlyForDeploymentPostprocessing = 0;
		};
		BD82A15D1EA89F15001A52A6 /* Frameworks */ = {
			isa = PBXFrameworksBuildPhase;
			buildActionMask = 2147483647;
			files = (
			);
			runOnlyForDeploymentPostprocessing = 0;
		};
		BD82A16B1EA89F1F001A52A6 /* Frameworks */ = {
			isa = PBXFrameworksBuildPhase;
			buildActionMask = 2147483647;
			files = (
			);
			runOnlyForDeploymentPostprocessing = 0;
		};
		BD95B14D1EAF21DF00196907 /* Frameworks */ = {
			isa = PBXFrameworksBuildPhase;
			buildActionMask = 2147483647;
			files = (
			);
			runOnlyForDeploymentPostprocessing = 0;
		};
/* End PBXFrameworksBuildPhase section */

/* Begin PBXGroup section */
		BD7E49A41E9FA3AD00E59D9A = {
			isa = PBXGroup;
			children = (
				BD7E49AF1E9FA3AD00E59D9A /* TimerBackgroundTrial */,
				BD7E49AE1E9FA3AD00E59D9A /* Products */,
			);
			sourceTree = "<group>";
		};
		BD7E49AE1E9FA3AD00E59D9A /* Products */ = {
			isa = PBXGroup;
			children = (
				BD7E49AD1E9FA3AD00E59D9A /* BGTimer.app */,
				BD82A1571EA89F12001A52A6 /* BGTimer-Fetch.app */,
				BD82A1651EA89F15001A52A6 /* BGTimer-BLE.app */,
				BD82A1731EA89F1F001A52A6 /* BGTImer-Loc.app */,
				BD95B1551EAF21DF00196907 /* BGTimer-All.app */,
			);
			name = Products;
			sourceTree = "<group>";
		};
		BD7E49AF1E9FA3AD00E59D9A /* TimerBackgroundTrial */ = {
			isa = PBXGroup;
			children = (
				BD7E49B01E9FA3AD00E59D9A /* AppDelegate.swift */,
				BD7E49B21E9FA3AD00E59D9A /* ViewController.swift */,
				BDFA50761EB1DA9A00CA2560 /* TaskManager.swift */,
				BDFA507C1EB1DB4900CA2560 /* LocationManager.swift */,
				BDFA50821EB1DB5800CA2560 /* BLEScanManager.swift */,
				BDFA50881EB1DB6700CA2560 /* DataSyncManager.swift */,
				BDFA508E1EB1EAB000CA2560 /* Logger.swift */,
				BDFA50941EB1EBBF00CA2560 /* Utility.swift */,
				BD7E49B41E9FA3AD00E59D9A /* Main.storyboard */,
				BD7E49B71E9FA3AD00E59D9A /* Assets.xcassets */,
				BD7E49B91E9FA3AD00E59D9A /* LaunchScreen.storyboard */,
				BD7E49BC1E9FA3AD00E59D9A /* Info.plist */,
			);
			path = TimerBackgroundTrial;
			sourceTree = "<group>";
		};
/* End PBXGroup section */

/* Begin PBXNativeTarget section */
		BD7E49AC1E9FA3AD00E59D9A /* BGTimer */ = {
			isa = PBXNativeTarget;
			buildConfigurationList = BD7E49BF1E9FA3AD00E59D9A /* Build configuration list for PBXNativeTarget "BGTimer" */;
			buildPhases = (
				BD7E49A91E9FA3AD00E59D9A /* Sources */,
				BD7E49AA1E9FA3AD00E59D9A /* Frameworks */,
				BD7E49AB1E9FA3AD00E59D9A /* Resources */,
			);
			buildRules = (
			);
			dependencies = (
			);
			name = BGTimer;
			productName = TimerBackgroundTrial;
			productReference = BD7E49AD1E9FA3AD00E59D9A /* BGTimer.app */;
			productType = "com.apple.product-type.application";
		};
		BD82A14B1EA89F12001A52A6 /* BGTimer-Fetch */ = {
			isa = PBXNativeTarget;
			buildConfigurationList = BD82A1541EA89F12001A52A6 /* Build configuration list for PBXNativeTarget "BGTimer-Fetch" */;
			buildPhases = (
				BD82A14C1EA89F12001A52A6 /* Sources */,
				BD82A14F1EA89F12001A52A6 /* Frameworks */,
				BD82A1501EA89F12001A52A6 /* Resources */,
			);
			buildRules = (
			);
			dependencies = (
			);
			name = "BGTimer-Fetch";
			productName = TimerBackgroundTrial;
			productReference = BD82A1571EA89F12001A52A6 /* BGTimer-Fetch.app */;
			productType = "com.apple.product-type.application";
		};
		BD82A1591EA89F15001A52A6 /* BGTimer-BLE */ = {
			isa = PBXNativeTarget;
			buildConfigurationList = BD82A1621EA89F15001A52A6 /* Build configuration list for PBXNativeTarget "BGTimer-BLE" */;
			buildPhases = (
				BD82A15A1EA89F15001A52A6 /* Sources */,
				BD82A15D1EA89F15001A52A6 /* Frameworks */,
				BD82A15E1EA89F15001A52A6 /* Resources */,
			);
			buildRules = (
			);
			dependencies = (
			);
			name = "BGTimer-BLE";
			productName = TimerBackgroundTrial;
			productReference = BD82A1651EA89F15001A52A6 /* BGTimer-BLE.app */;
			productType = "com.apple.product-type.application";
		};
		BD82A1671EA89F1F001A52A6 /* BGTImer-Loc */ = {
			isa = PBXNativeTarget;
			buildConfigurationList = BD82A1701EA89F1F001A52A6 /* Build configuration list for PBXNativeTarget "BGTImer-Loc" */;
			buildPhases = (
				BD82A1681EA89F1F001A52A6 /* Sources */,
				BD82A16B1EA89F1F001A52A6 /* Frameworks */,
				BD82A16C1EA89F1F001A52A6 /* Resources */,
			);
			buildRules = (
			);
			dependencies = (
			);
			name = "BGTImer-Loc";
			productName = TimerBackgroundTrial;
			productReference = BD82A1731EA89F1F001A52A6 /* BGTImer-Loc.app */;
			productType = "com.apple.product-type.application";
		};
		BD95B1491EAF21DF00196907 /* BGTimer-All */ = {
			isa = PBXNativeTarget;
			buildConfigurationList = BD95B1521EAF21DF00196907 /* Build configuration list for PBXNativeTarget "BGTimer-All" */;
			buildPhases = (
				BD95B14A1EAF21DF00196907 /* Sources */,
				BD95B14D1EAF21DF00196907 /* Frameworks */,
				BD95B14E1EAF21DF00196907 /* Resources */,
			);
			buildRules = (
			);
			dependencies = (
			);
			name = "BGTimer-All";
			productName = TimerBackgroundTrial;
			productReference = BD95B1551EAF21DF00196907 /* BGTimer-All.app */;
			productType = "com.apple.product-type.application";
		};
/* End PBXNativeTarget section */

/* Begin PBXProject section */
		BD7E49A51E9FA3AD00E59D9A /* Project object */ = {
			isa = PBXProject;
			attributes = {
				LastSwiftUpdateCheck = 0830;
				LastUpgradeCheck = 0830;
				ORGANIZATIONNAME = "Swapnil Luktuke";
				TargetAttributes = {
					BD7E49AC1E9FA3AD00E59D9A = {
						CreatedOnToolsVersion = 8.3.1;
						DevelopmentTeam = J8PVMCY7KL;
						ProvisioningStyle = Automatic;
						SystemCapabilities = {
							com.apple.BackgroundModes = {
								enabled = 1;
							};
						};
					};
					BD82A14B1EA89F12001A52A6 = {
						DevelopmentTeam = J8PVMCY7KL;
					};
					BD82A1591EA89F15001A52A6 = {
						DevelopmentTeam = J8PVMCY7KL;
					};
					BD82A1671EA89F1F001A52A6 = {
						DevelopmentTeam = J8PVMCY7KL;
					};
					BD95B1491EAF21DF00196907 = {
						DevelopmentTeam = J8PVMCY7KL;
					};
				};
			};
			buildConfigurationList = BD7E49A81E9FA3AD00E59D9A /* Build configuration list for PBXProject "TimerBackgroundTrial" */;
			compatibilityVersion = "Xcode 3.2";
			developmentRegion = English;
			hasScannedForEncodings = 0;
			knownRegions = (
				en,
				Base,
			);
			mainGroup = BD7E49A41E9FA3AD00E59D9A;
			productRefGroup = BD7E49AE1E9FA3AD00E59D9A /* Products */;
			projectDirPath = "";
			projectRoot = "";
			targets = (
				BD7E49AC1E9FA3AD00E59D9A /* BGTimer */,
				BD82A14B1EA89F12001A52A6 /* BGTimer-Fetch */,
				BD82A1591EA89F15001A52A6 /* BGTimer-BLE */,
				BD82A1671EA89F1F001A52A6 /* BGTImer-Loc */,
				BD95B1491EAF21DF00196907 /* BGTimer-All */,
			);
		};
/* End PBXProject section */

/* Begin PBXResourcesBuildPhase section */
		BD7E49AB1E9FA3AD00E59D9A /* Resources */ = {
			isa = PBXResourcesBuildPhase;
			buildActionMask = 2147483647;
			files = (
				BD7E49BB1E9FA3AD00E59D9A /* LaunchScreen.storyboard in Resources */,
				BD7E49B81E9FA3AD00E59D9A /* Assets.xcassets in Resources */,
				BD7E49B61E9FA3AD00E59D9A /* Main.storyboard in Resources */,
			);
			runOnlyForDeploymentPostprocessing = 0;
		};
		BD82A1501EA89F12001A52A6 /* Resources */ = {
			isa = PBXResourcesBuildPhase;
			buildActionMask = 2147483647;
			files = (
				BD82A1511EA89F12001A52A6 /* LaunchScreen.storyboard in Resources */,
				BD82A1521EA89F12001A52A6 /* Assets.xcassets in Resources */,
				BD82A1531EA89F12001A52A6 /* Main.storyboard in Resources */,
			);
			runOnlyForDeploymentPostprocessing = 0;
		};
		BD82A15E1EA89F15001A52A6 /* Resources */ = {
			isa = PBXResourcesBuildPhase;
			buildActionMask = 2147483647;
			files = (
				BD82A15F1EA89F15001A52A6 /* LaunchScreen.storyboard in Resources */,
				BD82A1601EA89F15001A52A6 /* Assets.xcassets in Resources */,
				BD82A1611EA89F15001A52A6 /* Main.storyboard in Resources */,
			);
			runOnlyForDeploymentPostprocessing = 0;
		};
		BD82A16C1EA89F1F001A52A6 /* Resources */ = {
			isa = PBXResourcesBuildPhase;
			buildActionMask = 2147483647;
			files = (
				BD82A16D1EA89F1F001A52A6 /* LaunchScreen.storyboard in Resources */,
				BD82A16E1EA89F1F001A52A6 /* Assets.xcassets in Resources */,
				BD82A16F1EA89F1F001A52A6 /* Main.storyboard in Resources */,
			);
			runOnlyForDeploymentPostprocessing = 0;
		};
		BD95B14E1EAF21DF00196907 /* Resources */ = {
			isa = PBXResourcesBuildPhase;
			buildActionMask = 2147483647;
			files = (
				BD95B14F1EAF21DF00196907 /* LaunchScreen.storyboard in Resources */,
				BD95B1501EAF21DF00196907 /* Assets.xcassets in Resources */,
				BD95B1511EAF21DF00196907 /* Main.storyboard in Resources */,
			);
			runOnlyForDeploymentPostprocessing = 0;
		};
/* End PBXResourcesBuildPhase section */

/* Begin PBXSourcesBuildPhase section */
		BD7E49A91E9FA3AD00E59D9A /* Sources */ = {
			isa = PBXSourcesBuildPhase;
			buildActionMask = 2147483647;
			files = (
				BDFA50891EB1DB6700CA2560 /* DataSyncManager.swift in Sources */,
				BDFA507D1EB1DB4900CA2560 /* LocationManager.swift in Sources */,
				BDFA50771EB1DA9A00CA2560 /* TaskManager.swift in Sources */,
				BD7E49B31E9FA3AD00E59D9A /* ViewController.swift in Sources */,
				BDFA50951EB1EBBF00CA2560 /* Utility.swift in Sources */,
				BDFA508F1EB1EAB000CA2560 /* Logger.swift in Sources */,
				BD7E49B11E9FA3AD00E59D9A /* AppDelegate.swift in Sources */,
				BDFA50831EB1DB5800CA2560 /* BLEScanManager.swift in Sources */,
			);
			runOnlyForDeploymentPostprocessing = 0;
		};
		BD82A14C1EA89F12001A52A6 /* Sources */ = {
			isa = PBXSourcesBuildPhase;
			buildActionMask = 2147483647;
			files = (
				BDFA508A1EB1DB6700CA2560 /* DataSyncManager.swift in Sources */,
				BDFA507E1EB1DB4900CA2560 /* LocationManager.swift in Sources */,
				BDFA50781EB1DA9A00CA2560 /* TaskManager.swift in Sources */,
				BD82A14D1EA89F12001A52A6 /* ViewController.swift in Sources */,
				BDFA50961EB1EBBF00CA2560 /* Utility.swift in Sources */,
				BDFA50901EB1EAB000CA2560 /* Logger.swift in Sources */,
				BD82A14E1EA89F12001A52A6 /* AppDelegate.swift in Sources */,
				BDFA50841EB1DB5800CA2560 /* BLEScanManager.swift in Sources */,
			);
			runOnlyForDeploymentPostprocessing = 0;
		};
		BD82A15A1EA89F15001A52A6 /* Sources */ = {
			isa = PBXSourcesBuildPhase;
			buildActionMask = 2147483647;
			files = (
				BDFA508B1EB1DB6700CA2560 /* DataSyncManager.swift in Sources */,
				BDFA507F1EB1DB4900CA2560 /* LocationManager.swift in Sources */,
				BDFA50791EB1DA9A00CA2560 /* TaskManager.swift in Sources */,
				BD82A15B1EA89F15001A52A6 /* ViewController.swift in Sources */,
				BDFA50971EB1EBBF00CA2560 /* Utility.swift in Sources */,
				BDFA50911EB1EAB000CA2560 /* Logger.swift in Sources */,
				BD82A15C1EA89F15001A52A6 /* AppDelegate.swift in Sources */,
				BDFA50851EB1DB5800CA2560 /* BLEScanManager.swift in Sources */,
			);
			runOnlyForDeploymentPostprocessing = 0;
		};
		BD82A1681EA89F1F001A52A6 /* Sources */ = {
			isa = PBXSourcesBuildPhase;
			buildActionMask = 2147483647;
			files = (
				BDFA508C1EB1DB6700CA2560 /* DataSyncManager.swift in Sources */,
				BDFA50801EB1DB4900CA2560 /* LocationManager.swift in Sources */,
				BDFA507A1EB1DA9A00CA2560 /* TaskManager.swift in Sources */,
				BD82A1691EA89F1F001A52A6 /* ViewController.swift in Sources */,
				BDFA50981EB1EBBF00CA2560 /* Utility.swift in Sources */,
				BDFA50921EB1EAB000CA2560 /* Logger.swift in Sources */,
				BD82A16A1EA89F1F001A52A6 /* AppDelegate.swift in Sources */,
				BDFA50861EB1DB5800CA2560 /* BLEScanManager.swift in Sources */,
			);
			runOnlyForDeploymentPostprocessing = 0;
		};
		BD95B14A1EAF21DF00196907 /* Sources */ = {
			isa = PBXSourcesBuildPhase;
			buildActionMask = 2147483647;
			files = (
				BDFA508D1EB1DB6700CA2560 /* DataSyncManager.swift in Sources */,
				BDFA50811EB1DB4900CA2560 /* LocationManager.swift in Sources */,
				BDFA507B1EB1DA9A00CA2560 /* TaskManager.swift in Sources */,
				BD95B14B1EAF21DF00196907 /* ViewController.swift in Sources */,
				BDFA50991EB1EBBF00CA2560 /* Utility.swift in Sources */,
				BDFA50931EB1EAB000CA2560 /* Logger.swift in Sources */,
				BD95B14C1EAF21DF00196907 /* AppDelegate.swift in Sources */,
				BDFA50871EB1DB5800CA2560 /* BLEScanManager.swift in Sources */,
			);
			runOnlyForDeploymentPostprocessing = 0;
		};
/* End PBXSourcesBuildPhase section */

/* Begin PBXVariantGroup section */
		BD7E49B41E9FA3AD00E59D9A /* Main.storyboard */ = {
			isa = PBXVariantGroup;
			children = (
				BD7E49B51E9FA3AD00E59D9A /* Base */,
			);
			name = Main.storyboard;
			sourceTree = "<group>";
		};
		BD7E49B91E9FA3AD00E59D9A /* LaunchScreen.storyboard */ = {
			isa = PBXVariantGroup;
			children = (
				BD7E49BA1E9FA3AD00E59D9A /* Base */,
			);
			name = LaunchScreen.storyboard;
			sourceTree = "<group>";
		};
/* End PBXVariantGroup section */

/* Begin XCBuildConfiguration section */
		BD7E49BD1E9FA3AD00E59D9A /* Debug */ = {
			isa = XCBuildConfiguration;
			buildSettings = {
				ALWAYS_SEARCH_USER_PATHS = NO;
				CLANG_ANALYZER_NONNULL = YES;
				CLANG_ANALYZER_NUMBER_OBJECT_CONVERSION = YES_AGGRESSIVE;
				CLANG_CXX_LANGUAGE_STANDARD = "gnu++0x";
				CLANG_CXX_LIBRARY = "libc++";
				CLANG_ENABLE_MODULES = YES;
				CLANG_ENABLE_OBJC_ARC = YES;
				CLANG_WARN_BOOL_CONVERSION = YES;
				CLANG_WARN_CONSTANT_CONVERSION = YES;
				CLANG_WARN_DIRECT_OBJC_ISA_USAGE = YES_ERROR;
				CLANG_WARN_DOCUMENTATION_COMMENTS = YES;
				CLANG_WARN_EMPTY_BODY = YES;
				CLANG_WARN_ENUM_CONVERSION = YES;
				CLANG_WARN_INFINITE_RECURSION = YES;
				CLANG_WARN_INT_CONVERSION = YES;
				CLANG_WARN_OBJC_ROOT_CLASS = YES_ERROR;
				CLANG_WARN_SUSPICIOUS_MOVE = YES;
				CLANG_WARN_UNREACHABLE_CODE = YES;
				CLANG_WARN__DUPLICATE_METHOD_MATCH = YES;
				"CODE_SIGN_IDENTITY[sdk=iphoneos*]" = "iPhone Developer";
				COPY_PHASE_STRIP = NO;
				DEBUG_INFORMATION_FORMAT = dwarf;
				ENABLE_STRICT_OBJC_MSGSEND = YES;
				ENABLE_TESTABILITY = YES;
				GCC_C_LANGUAGE_STANDARD = gnu99;
				GCC_DYNAMIC_NO_PIC = NO;
				GCC_NO_COMMON_BLOCKS = YES;
				GCC_OPTIMIZATION_LEVEL = 0;
				GCC_PREPROCESSOR_DEFINITIONS = (
					"DEBUG=1",
					"$(inherited)",
				);
				GCC_WARN_64_TO_32_BIT_CONVERSION = YES;
				GCC_WARN_ABOUT_RETURN_TYPE = YES_ERROR;
				GCC_WARN_UNDECLARED_SELECTOR = YES;
				GCC_WARN_UNINITIALIZED_AUTOS = YES_AGGRESSIVE;
				GCC_WARN_UNUSED_FUNCTION = YES;
				GCC_WARN_UNUSED_VARIABLE = YES;
				IPHONEOS_DEPLOYMENT_TARGET = 9.0;
				MTL_ENABLE_DEBUG_INFO = YES;
				ONLY_ACTIVE_ARCH = YES;
				SDKROOT = iphoneos;
				SWIFT_ACTIVE_COMPILATION_CONDITIONS = DEBUG;
				SWIFT_OPTIMIZATION_LEVEL = "-Onone";
				TARGETED_DEVICE_FAMILY = "1,2";
			};
			name = Debug;
		};
		BD7E49BE1E9FA3AD00E59D9A /* Release */ = {
			isa = XCBuildConfiguration;
			buildSettings = {
				ALWAYS_SEARCH_USER_PATHS = NO;
				CLANG_ANALYZER_NONNULL = YES;
				CLANG_ANALYZER_NUMBER_OBJECT_CONVERSION = YES_AGGRESSIVE;
				CLANG_CXX_LANGUAGE_STANDARD = "gnu++0x";
				CLANG_CXX_LIBRARY = "libc++";
				CLANG_ENABLE_MODULES = YES;
				CLANG_ENABLE_OBJC_ARC = YES;
				CLANG_WARN_BOOL_CONVERSION = YES;
				CLANG_WARN_CONSTANT_CONVERSION = YES;
				CLANG_WARN_DIRECT_OBJC_ISA_USAGE = YES_ERROR;
				CLANG_WARN_DOCUMENTATION_COMMENTS = YES;
				CLANG_WARN_EMPTY_BODY = YES;
				CLANG_WARN_ENUM_CONVERSION = YES;
				CLANG_WARN_INFINITE_RECURSION = YES;
				CLANG_WARN_INT_CONVERSION = YES;
				CLANG_WARN_OBJC_ROOT_CLASS = YES_ERROR;
				CLANG_WARN_SUSPICIOUS_MOVE = YES;
				CLANG_WARN_UNREACHABLE_CODE = YES;
				CLANG_WARN__DUPLICATE_METHOD_MATCH = YES;
				"CODE_SIGN_IDENTITY[sdk=iphoneos*]" = "iPhone Developer";
				COPY_PHASE_STRIP = NO;
				DEBUG_INFORMATION_FORMAT = "dwarf-with-dsym";
				ENABLE_NS_ASSERTIONS = NO;
				ENABLE_STRICT_OBJC_MSGSEND = YES;
				GCC_C_LANGUAGE_STANDARD = gnu99;
				GCC_NO_COMMON_BLOCKS = YES;
				GCC_WARN_64_TO_32_BIT_CONVERSION = YES;
				GCC_WARN_ABOUT_RETURN_TYPE = YES_ERROR;
				GCC_WARN_UNDECLARED_SELECTOR = YES;
				GCC_WARN_UNINITIALIZED_AUTOS = YES_AGGRESSIVE;
				GCC_WARN_UNUSED_FUNCTION = YES;
				GCC_WARN_UNUSED_VARIABLE = YES;
				IPHONEOS_DEPLOYMENT_TARGET = 9.0;
				MTL_ENABLE_DEBUG_INFO = NO;
				SDKROOT = iphoneos;
				SWIFT_OPTIMIZATION_LEVEL = "-Owholemodule";
				TARGETED_DEVICE_FAMILY = "1,2";
				VALIDATE_PRODUCT = YES;
			};
			name = Release;
		};
		BD7E49C01E9FA3AD00E59D9A /* Debug */ = {
			isa = XCBuildConfiguration;
			buildSettings = {
				ASSETCATALOG_COMPILER_APPICON_NAME = AppIcon;
				DEVELOPMENT_TEAM = J8PVMCY7KL;
				INFOPLIST_FILE = TimerBackgroundTrial/Info.plist;
				LD_RUNPATH_SEARCH_PATHS = "$(inherited) @executable_path/Frameworks";
				PRODUCT_BUNDLE_IDENTIFIER = com.ict.bgtimer;
				PRODUCT_NAME = "$(TARGET_NAME)";
				SWIFT_VERSION = 3.0;
			};
			name = Debug;
		};
		BD7E49C11E9FA3AD00E59D9A /* Release */ = {
			isa = XCBuildConfiguration;
			buildSettings = {
				ASSETCATALOG_COMPILER_APPICON_NAME = AppIcon;
				DEVELOPMENT_TEAM = J8PVMCY7KL;
				INFOPLIST_FILE = TimerBackgroundTrial/Info.plist;
				LD_RUNPATH_SEARCH_PATHS = "$(inherited) @executable_path/Frameworks";
				PRODUCT_BUNDLE_IDENTIFIER = com.ict.bgtimer;
				PRODUCT_NAME = "$(TARGET_NAME)";
				SWIFT_VERSION = 3.0;
			};
			name = Release;
		};
		BD82A1551EA89F12001A52A6 /* Debug */ = {
			isa = XCBuildConfiguration;
			buildSettings = {
				ASSETCATALOG_COMPILER_APPICON_NAME = AppIcon;
				DEVELOPMENT_TEAM = J8PVMCY7KL;
				INFOPLIST_FILE = TimerBackgroundTrial/Info.plist;
				LD_RUNPATH_SEARCH_PATHS = "$(inherited) @executable_path/Frameworks";
				OTHER_SWIFT_FLAGS = "-DBGFETCH";
				PRODUCT_BUNDLE_IDENTIFIER = com.ict.bgtimerfetch;
				PRODUCT_NAME = "$(TARGET_NAME)";
				SWIFT_VERSION = 3.0;
			};
			name = Debug;
		};
		BD82A1561EA89F12001A52A6 /* Release */ = {
			isa = XCBuildConfiguration;
			buildSettings = {
				ASSETCATALOG_COMPILER_APPICON_NAME = AppIcon;
				DEVELOPMENT_TEAM = J8PVMCY7KL;
				INFOPLIST_FILE = TimerBackgroundTrial/Info.plist;
				LD_RUNPATH_SEARCH_PATHS = "$(inherited) @executable_path/Frameworks";
				OTHER_SWIFT_FLAGS = "-DBGFETCH";
				PRODUCT_BUNDLE_IDENTIFIER = com.ict.bgtimerfetch;
				PRODUCT_NAME = "$(TARGET_NAME)";
				SWIFT_VERSION = 3.0;
			};
			name = Release;
		};
		BD82A1631EA89F15001A52A6 /* Debug */ = {
			isa = XCBuildConfiguration;
			buildSettings = {
				ASSETCATALOG_COMPILER_APPICON_NAME = AppIcon;
				DEVELOPMENT_TEAM = J8PVMCY7KL;
				INFOPLIST_FILE = TimerBackgroundTrial/Info.plist;
				LD_RUNPATH_SEARCH_PATHS = "$(inherited) @executable_path/Frameworks";
				OTHER_SWIFT_FLAGS = "-DBGBLE";
				PRODUCT_BUNDLE_IDENTIFIER = com.ict.bgtimerble;
				PRODUCT_NAME = "$(TARGET_NAME)";
				SWIFT_VERSION = 3.0;
			};
			name = Debug;
		};
		BD82A1641EA89F15001A52A6 /* Release */ = {
			isa = XCBuildConfiguration;
			buildSettings = {
				ASSETCATALOG_COMPILER_APPICON_NAME = AppIcon;
				DEVELOPMENT_TEAM = J8PVMCY7KL;
				INFOPLIST_FILE = TimerBackgroundTrial/Info.plist;
				LD_RUNPATH_SEARCH_PATHS = "$(inherited) @executable_path/Frameworks";
				OTHER_SWIFT_FLAGS = "-DBGBLE";
				PRODUCT_BUNDLE_IDENTIFIER = com.ict.bgtimerble;
				PRODUCT_NAME = "$(TARGET_NAME)";
				SWIFT_VERSION = 3.0;
			};
			name = Release;
		};
		BD82A1711EA89F1F001A52A6 /* Debug */ = {
			isa = XCBuildConfiguration;
			buildSettings = {
				ASSETCATALOG_COMPILER_APPICON_NAME = AppIcon;
				DEVELOPMENT_TEAM = J8PVMCY7KL;
				INFOPLIST_FILE = TimerBackgroundTrial/Info.plist;
				LD_RUNPATH_SEARCH_PATHS = "$(inherited) @executable_path/Frameworks";
				OTHER_SWIFT_FLAGS = "-DBGLOC";
				PRODUCT_BUNDLE_IDENTIFIER = com.ict.bgtimerloc;
				PRODUCT_NAME = "$(TARGET_NAME)";
				SWIFT_VERSION = 3.0;
			};
			name = Debug;
		};
		BD82A1721EA89F1F001A52A6 /* Release */ = {
			isa = XCBuildConfiguration;
			buildSettings = {
				ASSETCATALOG_COMPILER_APPICON_NAME = AppIcon;
				DEVELOPMENT_TEAM = J8PVMCY7KL;
				INFOPLIST_FILE = TimerBackgroundTrial/Info.plist;
				LD_RUNPATH_SEARCH_PATHS = "$(inherited) @executable_path/Frameworks";
				OTHER_SWIFT_FLAGS = "-DBGLOC";
				PRODUCT_BUNDLE_IDENTIFIER = com.ict.bgtimerloc;
				PRODUCT_NAME = "$(TARGET_NAME)";
				SWIFT_VERSION = 3.0;
			};
			name = Release;
		};
		BD95B1531EAF21DF00196907 /* Debug */ = {
			isa = XCBuildConfiguration;
			buildSettings = {
				ASSETCATALOG_COMPILER_APPICON_NAME = AppIcon;
				DEVELOPMENT_TEAM = J8PVMCY7KL;
				INFOPLIST_FILE = TimerBackgroundTrial/Info.plist;
				LD_RUNPATH_SEARCH_PATHS = "$(inherited) @executable_path/Frameworks";
				OTHER_SWIFT_FLAGS = "-DALLBGMODES";
				PRODUCT_BUNDLE_IDENTIFIER = com.ict.bgtimerall;
				PRODUCT_NAME = "$(TARGET_NAME)";
				SWIFT_VERSION = 3.0;
			};
			name = Debug;
		};
		BD95B1541EAF21DF00196907 /* Release */ = {
			isa = XCBuildConfiguration;
			buildSettings = {
				ASSETCATALOG_COMPILER_APPICON_NAME = AppIcon;
				DEVELOPMENT_TEAM = J8PVMCY7KL;
				INFOPLIST_FILE = TimerBackgroundTrial/Info.plist;
				LD_RUNPATH_SEARCH_PATHS = "$(inherited) @executable_path/Frameworks";
				OTHER_SWIFT_FLAGS = "-DALLBGMODES";
				PRODUCT_BUNDLE_IDENTIFIER = com.ict.bgtimerall;
				PRODUCT_NAME = "$(TARGET_NAME)";
				SWIFT_VERSION = 3.0;
			};
			name = Release;
		};
/* End XCBuildConfiguration section */

/* Begin XCConfigurationList section */
		BD7E49A81E9FA3AD00E59D9A /* Build configuration list for PBXProject "TimerBackgroundTrial" */ = {
			isa = XCConfigurationList;
			buildConfigurations = (
				BD7E49BD1E9FA3AD00E59D9A /* Debug */,
				BD7E49BE1E9FA3AD00E59D9A /* Release */,
			);
			defaultConfigurationIsVisible = 0;
			defaultConfigurationName = Release;
		};
		BD7E49BF1E9FA3AD00E59D9A /* Build configuration list for PBXNativeTarget "BGTimer" */ = {
			isa = XCConfigurationList;
			buildConfigurations = (
				BD7E49C01E9FA3AD00E59D9A /* Debug */,
				BD7E49C11E9FA3AD00E59D9A /* Release */,
			);
			defaultConfigurationIsVisible = 0;
			defaultConfigurationName = Release;
		};
		BD82A1541EA89F12001A52A6 /* Build configuration list for PBXNativeTarget "BGTimer-Fetch" */ = {
			isa = XCConfigurationList;
			buildConfigurations = (
				BD82A1551EA89F12001A52A6 /* Debug */,
				BD82A1561EA89F12001A52A6 /* Release */,
			);
			defaultConfigurationIsVisible = 0;
			defaultConfigurationName = Release;
		};
		BD82A1621EA89F15001A52A6 /* Build configuration list for PBXNativeTarget "BGTimer-BLE" */ = {
			isa = XCConfigurationList;
			buildConfigurations = (
				BD82A1631EA89F15001A52A6 /* Debug */,
				BD82A1641EA89F15001A52A6 /* Release */,
			);
			defaultConfigurationIsVisible = 0;
			defaultConfigurationName = Release;
		};
		BD82A1701EA89F1F001A52A6 /* Build configuration list for PBXNativeTarget "BGTImer-Loc" */ = {
			isa = XCConfigurationList;
			buildConfigurations = (
				BD82A1711EA89F1F001A52A6 /* Debug */,
				BD82A1721EA89F1F001A52A6 /* Release */,
			);
			defaultConfigurationIsVisible = 0;
			defaultConfigurationName = Release;
		};
		BD95B1521EAF21DF00196907 /* Build configuration list for PBXNativeTarget "BGTimer-All" */ = {
			isa = XCConfigurationList;
			buildConfigurations = (
				BD95B1531EAF21DF00196907 /* Debug */,
				BD95B1541EAF21DF00196907 /* Release */,
			);
			defaultConfigurationIsVisible = 0;
			defaultConfigurationName = Release;
		};
/* End XCConfigurationList section */
	};
	rootObject = BD7E49A51E9FA3AD00E59D9A /* Project object */;
}
